
Microsoft Visual Studio Solution File, Format Version 12.00
# Visual Studio Version 17
VisualStudioVersion = 17.5.33516.290
MinimumVisualStudioVersion = 10.0.40219.1
Project("{FAE04EC0-301F-11D3-BF4B-00C04F79EFBC}") = "Misha", "Misha\Misha.csproj", "{8CA8B8AD-C5E3-4CBD-918B-A68C23B33390}"
EndProject
Global
	GlobalSection(SolutionConfigurationPlatforms) = preSolution
		Debug|Any CPU = Debug|Any CPU
		Release|Any CPU = Release|Any CPU
	EndGlobalSection
	GlobalSection(ProjectConfigurationPlatforms) = postSolution
		{8CA8B8AD-C5E3-4CBD-918B-A68C23B33390}.Debug|Any CPU.ActiveCfg = Debug|Any CPU
		{8CA8B8AD-C5E3-4CBD-918B-A68C23B33390}.Debug|Any CPU.Build.0 = Debug|Any CPU
		{8CA8B8AD-C5E3-4CBD-918B-A68C23B33390}.Release|Any CPU.ActiveCfg = Release|Any CPU
		{8CA8B8AD-C5E3-4CBD-918B-A68C23B33390}.Release|Any CPU.Build.0 = Release|Any CPU
	EndGlobalSection
	GlobalSection(SolutionProperties) = preSolution
		HideSolutionNode = FALSE
	EndGlobalSection
	GlobalSection(ExtensibilityGlobals) = postSolution
		SolutionGuid = {77C77EBB-EA48-4271-990A-B77CD179EBBD}
	EndGlobalSection
EndGlobal
